PODS:
  - AFNetworking (4.0.1):
    - AFNetworking/NSURLSession (= 4.0.1)
    - AFNetworking/Reachability (= 4.0.1)
    - AFNetworking/Security (= 4.0.1)
    - AFNetworking/Serialization (= 4.0.1)
    - AFNetworking/UIKit (= 4.0.1)
  - AFNetworking/NSURLSession (4.0.1):
    - AFNetworking/Reachability
    - AFNetworking/Security
    - AFNetworking/Serialization
  - AFNetworking/Reachability (4.0.1)
  - AFNetworking/Security (4.0.1)
  - AFNetworking/Serialization (4.0.1)
  - AFNetworking/UIKit (4.0.1):
    - AFNetworking/NSURLSession
  - FLEX (4.6.1)

DEPENDENCIES:
  - AFNetworking
  - FLEX

SPEC REPOS:
  trunk:
    - AFNetworking
    - FLEX

SPEC CHECKSUMS:
  AFNetworking: 7864c38297c79aaca1500c33288e429c3451fdce
  FLEX: bbc55d197f87d7cde2454c3981aa47069b694144

PODFILE CHECKSUM: ffaea9029fbab5b1cf813979db37cb510d0ff1f1

COCOAPODS: 1.11.2
