// !$*UTF8*$!
{
	archiveVersion = 1;
	classes = {
	};
	objectVersion = 55;
	objects = {

/* Begin PBXBuildFile section */
		39D2B7545290BA5C5AC52835 /* Pods_iOS_Sample.framework in Frameworks */ = {isa = PBXBuildFile; fileRef = CA55D3F81AA59BBA318024B8 /* Pods_iOS_Sample.framework */; };
		F76C5A1627857BEC00A6CCA8 /* AppDelegate.m in Sources */ = {isa = PBXBuildFile; fileRef = F76C5A1527857BEC00A6CCA8 /* AppDelegate.m */; };
		F76C5A1927857BEC00A6CCA8 /* SceneDelegate.m in Sources */ = {isa = PBXBuildFile; fileRef = F76C5A1827857BEC00A6CCA8 /* SceneDelegate.m */; };
		F76C5A1F27857BEC00A6CCA8 /* Main.storyboard in Resources */ = {isa = PBXBuildFile; fileRef = F76C5A1D27857BEC00A6CCA8 /* Main.storyboard */; };
		F76C5A2127857BEF00A6CCA8 /* Assets.xcassets in Resources */ = {isa = PBXBuildFile; fileRef = F76C5A2027857BEF00A6CCA8 /* Assets.xcassets */; };
		F76C5A2427857BEF00A6CCA8 /* LaunchScreen.storyboard in Resources */ = {isa = PBXBuildFile; fileRef = F76C5A2227857BEF00A6CCA8 /* LaunchScreen.storyboard */; };
		F76C5A2727857BEF00A6CCA8 /* main.m in Sources */ = {isa = PBXBuildFile; fileRef = F76C5A2627857BEF00A6CCA8 /* main.m */; };
		F76C5A33278580EE00A6CCA8 /* CTViewController.m in Sources */ = {isa = PBXBuildFile; fileRef = F76C5A32278580EE00A6CCA8 /* CTViewController.m */; };
		F76C5A3B2785833600A6CCA8 /* CTDebugNavigationViewController.m in Sources */ = {isa = PBXBuildFile; fileRef = F76C5A3A2785833600A6CCA8 /* CTDebugNavigationViewController.m */; };
		F76C5A402785844100A6CCA8 /* CTDebugViewController.m in Sources */ = {isa = PBXBuildFile; fileRef = F76C5A3F2785844100A6CCA8 /* CTDebugViewController.m */; };
		F76C5A4D2785A01400A6CCA8 /* ConsoleEmpty.md in Resources */ = {isa = PBXBuildFile; fileRef = F76C5A4C2785A01400A6CCA8 /* ConsoleEmpty.md */; };
		F76C5A512785A03B00A6CCA8 /* MineEmpty.md in Resources */ = {isa = PBXBuildFile; fileRef = F76C5A502785A03B00A6CCA8 /* MineEmpty.md */; };
		F76C5A542785A05A00A6CCA8 /* platfromEmpty.md in Resources */ = {isa = PBXBuildFile; fileRef = F76C5A532785A05A00A6CCA8 /* platfromEmpty.md */; };
		F76C5A5C2785A52700A6CCA8 /* CTDebugCollectionViewCell.m in Sources */ = {isa = PBXBuildFile; fileRef = F76C5A5B2785A52700A6CCA8 /* CTDebugCollectionViewCell.m */; };
		F76C5A602785A85100A6CCA8 /* commonEmpty.md in Resources */ = {isa = PBXBuildFile; fileRef = F76C5A5F2785A85100A6CCA8 /* commonEmpty.md */; };
		F76C5A622785A86600A6CCA8 /* thEmpty.md in Resources */ = {isa = PBXBuildFile; fileRef = F76C5A612785A86600A6CCA8 /* thEmpty.md */; };
		F76C5A662785A8A500A6CCA8 /* UIColor+RandomColor.m in Sources */ = {isa = PBXBuildFile; fileRef = F76C5A652785A8A500A6CCA8 /* UIColor+RandomColor.m */; };
/* End PBXBuildFile section */

/* Begin PBXFileReference section */
		99066206F63453BD10557BDF /* Pods-iOS-Sample.debug.xcconfig */ = {isa = PBXFileReference; includeInIndex = 1; lastKnownFileType = text.xcconfig; name = "Pods-iOS-Sample.debug.xcconfig"; path = "Target Support Files/Pods-iOS-Sample/Pods-iOS-Sample.debug.xcconfig"; sourceTree = "<group>"; };
		C41A529E8474ABCAD09FE0E3 /* Pods-iOS-Sample.release.xcconfig */ = {isa = PBXFileReference; includeInIndex = 1; lastKnownFileType = text.xcconfig; name = "Pods-iOS-Sample.release.xcconfig"; path = "Target Support Files/Pods-iOS-Sample/Pods-iOS-Sample.release.xcconfig"; sourceTree = "<group>"; };
		CA55D3F81AA59BBA318024B8 /* Pods_iOS_Sample.framework */ = {isa = PBXFileReference; explicitFileType = wrapper.framework; includeInIndex = 0; path = Pods_iOS_Sample.framework; sourceTree = BUILT_PRODUCTS_DIR; };
		F76C5A1127857BEC00A6CCA8 /* iOS-Sample.app */ = {isa = PBXFileReference; explicitFileType = wrapper.application; includeInIndex = 0; path = "iOS-Sample.app"; sourceTree = BUILT_PRODUCTS_DIR; };
		F76C5A1427857BEC00A6CCA8 /* AppDelegate.h */ = {isa = PBXFileReference; lastKnownFileType = sourcecode.c.h; path = AppDelegate.h; sourceTree = "<group>"; };
		F76C5A1527857BEC00A6CCA8 /* AppDelegate.m */ = {isa = PBXFileReference; lastKnownFileType = sourcecode.c.objc; path = AppDelegate.m; sourceTree = "<group>"; };
		F76C5A1727857BEC00A6CCA8 /* SceneDelegate.h */ = {isa = PBXFileReference; lastKnownFileType = sourcecode.c.h; path = SceneDelegate.h; sourceTree = "<group>"; };
		F76C5A1827857BEC00A6CCA8 /* SceneDelegate.m */ = {isa = PBXFileReference; lastKnownFileType = sourcecode.c.objc; path = SceneDelegate.m; sourceTree = "<group>"; };
		F76C5A1E27857BEC00A6CCA8 /* Base */ = {isa = PBXFileReference; lastKnownFileType = file.storyboard; name = Base; path = Base.lproj/Main.storyboard; sourceTree = "<group>"; };
		F76C5A2027857BEF00A6CCA8 /* Assets.xcassets */ = {isa = PBXFileReference; lastKnownFileType = folder.assetcatalog; path = Assets.xcassets; sourceTree = "<group>"; };
		F76C5A2327857BEF00A6CCA8 /* Base */ = {isa = PBXFileReference; lastKnownFileType = file.storyboard; name = Base; path = Base.lproj/LaunchScreen.storyboard; sourceTree = "<group>"; };
		F76C5A2527857BEF00A6CCA8 /* Info.plist */ = {isa = PBXFileReference; lastKnownFileType = text.plist.xml; path = Info.plist; sourceTree = "<group>"; };
		F76C5A2627857BEF00A6CCA8 /* main.m */ = {isa = PBXFileReference; lastKnownFileType = sourcecode.c.objc; path = main.m; sourceTree = "<group>"; };
		F76C5A31278580EE00A6CCA8 /* CTViewController.h */ = {isa = PBXFileReference; lastKnownFileType = sourcecode.c.h; path = CTViewController.h; sourceTree = "<group>"; };
		F76C5A32278580EE00A6CCA8 /* CTViewController.m */ = {isa = PBXFileReference; lastKnownFileType = sourcecode.c.objc; path = CTViewController.m; sourceTree = "<group>"; };
		F76C5A392785833600A6CCA8 /* CTDebugNavigationViewController.h */ = {isa = PBXFileReference; lastKnownFileType = sourcecode.c.h; path = CTDebugNavigationViewController.h; sourceTree = "<group>"; };
		F76C5A3A2785833600A6CCA8 /* CTDebugNavigationViewController.m */ = {isa = PBXFileReference; lastKnownFileType = sourcecode.c.objc; path = CTDebugNavigationViewController.m; sourceTree = "<group>"; };
		F76C5A3E2785844100A6CCA8 /* CTDebugViewController.h */ = {isa = PBXFileReference; lastKnownFileType = sourcecode.c.h; path = CTDebugViewController.h; sourceTree = "<group>"; };
		F76C5A3F2785844100A6CCA8 /* CTDebugViewController.m */ = {isa = PBXFileReference; lastKnownFileType = sourcecode.c.objc; path = CTDebugViewController.m; sourceTree = "<group>"; };
		F76C5A4C2785A01400A6CCA8 /* ConsoleEmpty.md */ = {isa = PBXFileReference; lastKnownFileType = net.daringfireball.markdown; path = ConsoleEmpty.md; sourceTree = "<group>"; };
		F76C5A502785A03B00A6CCA8 /* MineEmpty.md */ = {isa = PBXFileReference; lastKnownFileType = net.daringfireball.markdown; path = MineEmpty.md; sourceTree = "<group>"; };
		F76C5A532785A05A00A6CCA8 /* platfromEmpty.md */ = {isa = PBXFileReference; lastKnownFileType = net.daringfireball.markdown; path = platfromEmpty.md; sourceTree = "<group>"; };
		F76C5A5A2785A52700A6CCA8 /* CTDebugCollectionViewCell.h */ = {isa = PBXFileReference; lastKnownFileType = sourcecode.c.h; path = CTDebugCollectionViewCell.h; sourceTree = "<group>"; };
		F76C5A5B2785A52700A6CCA8 /* CTDebugCollectionViewCell.m */ = {isa = PBXFileReference; lastKnownFileType = sourcecode.c.objc; path = CTDebugCollectionViewCell.m; sourceTree = "<group>"; };
		F76C5A5F2785A85100A6CCA8 /* commonEmpty.md */ = {isa = PBXFileReference; lastKnownFileType = net.daringfireball.markdown; path = commonEmpty.md; sourceTree = "<group>"; };
		F76C5A612785A86600A6CCA8 /* thEmpty.md */ = {isa = PBXFileReference; lastKnownFileType = net.daringfireball.markdown; path = thEmpty.md; sourceTree = "<group>"; };
		F76C5A642785A8A500A6CCA8 /* UIColor+RandomColor.h */ = {isa = PBXFileReference; lastKnownFileType = sourcecode.c.h; path = "UIColor+RandomColor.h"; sourceTree = "<group>"; };
		F76C5A652785A8A500A6CCA8 /* UIColor+RandomColor.m */ = {isa = PBXFileReference; lastKnownFileType = sourcecode.c.objc; path = "UIColor+RandomColor.m"; sourceTree = "<group>"; };
		F76C5A672785A8EE00A6CCA8 /* PrefixHeader.pch */ = {isa = PBXFileReference; lastKnownFileType = sourcecode.c.h; path = PrefixHeader.pch; sourceTree = "<group>"; };
/* End PBXFileReference section */

/* Begin PBXFrameworksBuildPhase section */
		F76C5A0E27857BEC00A6CCA8 /* Frameworks */ = {
			isa = PBXFrameworksBuildPhase;
			buildActionMask = 2147483647;
			files = (
				39D2B7545290BA5C5AC52835 /* Pods_iOS_Sample.framework in Frameworks */,
			);
			runOnlyForDeploymentPostprocessing = 0;
		};
/* End PBXFrameworksBuildPhase section */

/* Begin PBXGroup section */
		F691A85BE5CE80CF71456658 /* Frameworks */ = {
			isa = PBXGroup;
			children = (
				CA55D3F81AA59BBA318024B8 /* Pods_iOS_Sample.framework */,
			);
			name = Frameworks;
			sourceTree = "<group>";
		};
		F76C5A0827857BEC00A6CCA8 = {
			isa = PBXGroup;
			children = (
				F76C5A1327857BEC00A6CCA8 /* iOS-Sample */,
				F76C5A1227857BEC00A6CCA8 /* Products */,
				FD0A36F0CF22D3F7A79F14EF /* Pods */,
				F691A85BE5CE80CF71456658 /* Frameworks */,
			);
			sourceTree = "<group>";
		};
		F76C5A1227857BEC00A6CCA8 /* Products */ = {
			isa = PBXGroup;
			children = (
				F76C5A1127857BEC00A6CCA8 /* iOS-Sample.app */,
			);
			name = Products;
			sourceTree = "<group>";
		};
		F76C5A1327857BEC00A6CCA8 /* iOS-Sample */ = {
			isa = PBXGroup;
			children = (
				F76C5A1427857BEC00A6CCA8 /* AppDelegate.h */,
				F76C5A1527857BEC00A6CCA8 /* AppDelegate.m */,
				F76C5A1727857BEC00A6CCA8 /* SceneDelegate.h */,
				F76C5A1827857BEC00A6CCA8 /* SceneDelegate.m */,
				F76C5A31278580EE00A6CCA8 /* CTViewController.h */,
				F76C5A32278580EE00A6CCA8 /* CTViewController.m */,
				F76C5A34278581BA00A6CCA8 /* Functions */,
				F76C5A562785A1C900A6CCA8 /* Common */,
				F76C5A5D2785A82A00A6CCA8 /* Tools */,
				F76C5A572785A1D700A6CCA8 /* ThirdLib */,
				F76C5A2D27857F0F00A6CCA8 /* Resource */,
			);
			path = "iOS-Sample";
			sourceTree = "<group>";
		};
		F76C5A2D27857F0F00A6CCA8 /* Resource */ = {
			isa = PBXGroup;
			children = (
				F76C5A1D27857BEC00A6CCA8 /* Main.storyboard */,
				F76C5A2027857BEF00A6CCA8 /* Assets.xcassets */,
				F76C5A2227857BEF00A6CCA8 /* LaunchScreen.storyboard */,
				F76C5A2527857BEF00A6CCA8 /* Info.plist */,
				F76C5A2627857BEF00A6CCA8 /* main.m */,
				F76C5A672785A8EE00A6CCA8 /* PrefixHeader.pch */,
			);
			path = Resource;
			sourceTree = "<group>";
		};
		F76C5A34278581BA00A6CCA8 /* Functions */ = {
			isa = PBXGroup;
			children = (
				F76C5A382785829500A6CCA8 /* Debug */,
				F76C5A522785A04100A6CCA8 /* Platform */,
				F76C5A4B27859FF700A6CCA8 /* Console */,
				F76C5A4F2785A02800A6CCA8 /* Mine */,
			);
			path = Functions;
			sourceTree = "<group>";
		};
		F76C5A382785829500A6CCA8 /* Debug */ = {
			isa = PBXGroup;
			children = (
				F76C5A582785A4D000A6CCA8 /* DebugViews */,
				F76C5A3C2785833C00A6CCA8 /* DebugMain */,
				F76C5A3D2785841700A6CCA8 /* DebugViewControllers */,
			);
			path = Debug;
			sourceTree = "<group>";
		};
		F76C5A3C2785833C00A6CCA8 /* DebugMain */ = {
			isa = PBXGroup;
			children = (
				F76C5A392785833600A6CCA8 /* CTDebugNavigationViewController.h */,
				F76C5A3A2785833600A6CCA8 /* CTDebugNavigationViewController.m */,
			);
			path = DebugMain;
			sourceTree = "<group>";
		};
		F76C5A3D2785841700A6CCA8 /* DebugViewControllers */ = {
			isa = PBXGroup;
			children = (
				F76C5A3E2785844100A6CCA8 /* CTDebugViewController.h */,
				F76C5A3F2785844100A6CCA8 /* CTDebugViewController.m */,
			);
			path = DebugViewControllers;
			sourceTree = "<group>";
		};
		F76C5A4B27859FF700A6CCA8 /* Console */ = {
			isa = PBXGroup;
			children = (
				F76C5A4C2785A01400A6CCA8 /* ConsoleEmpty.md */,
			);
			path = Console;
			sourceTree = "<group>";
		};
		F76C5A4F2785A02800A6CCA8 /* Mine */ = {
			isa = PBXGroup;
			children = (
				F76C5A552785A15200A6CCA8 /* Lock */,
				F76C5A502785A03B00A6CCA8 /* MineEmpty.md */,
			);
			path = Mine;
			sourceTree = "<group>";
		};
		F76C5A522785A04100A6CCA8 /* Platform */ = {
			isa = PBXGroup;
			children = (
				F76C5A532785A05A00A6CCA8 /* platfromEmpty.md */,
			);
			path = Platform;
			sourceTree = "<group>";
		};
		F76C5A552785A15200A6CCA8 /* Lock */ = {
			isa = PBXGroup;
			children = (
			);
			path = Lock;
			sourceTree = "<group>";
		};
		F76C5A562785A1C900A6CCA8 /* Common */ = {
			isa = PBXGroup;
			children = (
				F76C5A5F2785A85100A6CCA8 /* commonEmpty.md */,
			);
			path = Common;
			sourceTree = "<group>";
		};
		F76C5A572785A1D700A6CCA8 /* ThirdLib */ = {
			isa = PBXGroup;
			children = (
				F76C5A612785A86600A6CCA8 /* thEmpty.md */,
			);
			path = ThirdLib;
			sourceTree = "<group>";
		};
		F76C5A582785A4D000A6CCA8 /* DebugViews */ = {
			isa = PBXGroup;
			children = (
				F76C5A592785A4D700A6CCA8 /* Cells */,
			);
			path = DebugViews;
			sourceTree = "<group>";
		};
		F76C5A592785A4D700A6CCA8 /* Cells */ = {
			isa = PBXGroup;
			children = (
				F76C5A5A2785A52700A6CCA8 /* CTDebugCollectionViewCell.h */,
				F76C5A5B2785A52700A6CCA8 /* CTDebugCollectionViewCell.m */,
			);
			path = Cells;
			sourceTree = "<group>";
		};
		F76C5A5D2785A82A00A6CCA8 /* Tools */ = {
			isa = PBXGroup;
			children = (
				F76C5A632785A87800A6CCA8 /* UIColor */,
				F76C5A5E2785A83600A6CCA8 /* NSString */,
			);
			path = Tools;
			sourceTree = "<group>";
		};
		F76C5A5E2785A83600A6CCA8 /* NSString */ = {
			isa = PBXGroup;
			children = (
			);
			path = NSString;
			sourceTree = "<group>";
		};
		F76C5A632785A87800A6CCA8 /* UIColor */ = {
			isa = PBXGroup;
			children = (
				F76C5A642785A8A500A6CCA8 /* UIColor+RandomColor.h */,
				F76C5A652785A8A500A6CCA8 /* UIColor+RandomColor.m */,
			);
			path = UIColor;
			sourceTree = "<group>";
		};
		FD0A36F0CF22D3F7A79F14EF /* Pods */ = {
			isa = PBXGroup;
			children = (
				99066206F63453BD10557BDF /* Pods-iOS-Sample.debug.xcconfig */,
				C41A529E8474ABCAD09FE0E3 /* Pods-iOS-Sample.release.xcconfig */,
			);
			path = Pods;
			sourceTree = "<group>";
		};
/* End PBXGroup section */

/* Begin PBXNativeTarget section */
		F76C5A1027857BEC00A6CCA8 /* iOS-Sample */ = {
			isa = PBXNativeTarget;
			buildConfigurationList = F76C5A2A27857BEF00A6CCA8 /* Build configuration list for PBXNativeTarget "iOS-Sample" */;
			buildPhases = (
				5A2C304304047B08FB2905C5 /* [CP] Check Pods Manifest.lock */,
				F76C5A0D27857BEC00A6CCA8 /* Sources */,
				F76C5A0E27857BEC00A6CCA8 /* Frameworks */,
				F76C5A0F27857BEC00A6CCA8 /* Resources */,
				934B0CE79BD975892555FA32 /* [CP] Embed Pods Frameworks */,
			);
			buildRules = (
			);
			dependencies = (
			);
			name = "iOS-Sample";
			productName = "iOS-Sample";
			productReference = F76C5A1127857BEC00A6CCA8 /* iOS-Sample.app */;
			productType = "com.apple.product-type.application";
		};
/* End PBXNativeTarget section */

/* Begin PBXProject section */
		F76C5A0927857BEC00A6CCA8 /* Project object */ = {
			isa = PBXProject;
			attributes = {
				BuildIndependentTargetsInParallel = 1;
				LastUpgradeCheck = 1310;
				TargetAttributes = {
					F76C5A1027857BEC00A6CCA8 = {
						CreatedOnToolsVersion = 13.1;
					};
				};
			};
			buildConfigurationList = F76C5A0C27857BEC00A6CCA8 /* Build configuration list for PBXProject "iOS-Sample" */;
			compatibilityVersion = "Xcode 13.0";
			developmentRegion = en;
			hasScannedForEncodings = 0;
			knownRegions = (
				en,
				Base,
			);
			mainGroup = F76C5A0827857BEC00A6CCA8;
			productRefGroup = F76C5A1227857BEC00A6CCA8 /* Products */;
			projectDirPath = "";
			projectRoot = "";
			targets = (
				F76C5A1027857BEC00A6CCA8 /* iOS-Sample */,
			);
		};
/* End PBXProject section */

/* Begin PBXResourcesBuildPhase section */
		F76C5A0F27857BEC00A6CCA8 /* Resources */ = {
			isa = PBXResourcesBuildPhase;
			buildActionMask = 2147483647;
			files = (
				F76C5A4D2785A01400A6CCA8 /* ConsoleEmpty.md in Resources */,
				F76C5A602785A85100A6CCA8 /* commonEmpty.md in Resources */,
				F76C5A542785A05A00A6CCA8 /* platfromEmpty.md in Resources */,
				F76C5A512785A03B00A6CCA8 /* MineEmpty.md in Resources */,
				F76C5A622785A86600A6CCA8 /* thEmpty.md in Resources */,
				F76C5A2427857BEF00A6CCA8 /* LaunchScreen.storyboard in Resources */,
				F76C5A2127857BEF00A6CCA8 /* Assets.xcassets in Resources */,
				F76C5A1F27857BEC00A6CCA8 /* Main.storyboard in Resources */,
			);
			runOnlyForDeploymentPostprocessing = 0;
		};
/* End PBXResourcesBuildPhase section */

/* Begin PBXShellScriptBuildPhase section */
		5A2C304304047B08FB2905C5 /* [CP] Check Pods Manifest.lock */ = {
			isa = PBXShellScriptBuildPhase;
			buildActionMask = 2147483647;
			files = (
			);
			inputFileListPaths = (
			);
			inputPaths = (
				"${PODS_PODFILE_DIR_PATH}/Podfile.lock",
				"${PODS_ROOT}/Manifest.lock",
			);
			name = "[CP] Check Pods Manifest.lock";
			outputFileListPaths = (
			);
			outputPaths = (
				"$(DERIVED_FILE_DIR)/Pods-iOS-Sample-checkManifestLockResult.txt",
			);
			runOnlyForDeploymentPostprocessing = 0;
			shellPath = /bin/sh;
			shellScript = "diff \"${PODS_PODFILE_DIR_PATH}/Podfile.lock\" \"${PODS_ROOT}/Manifest.lock\" > /dev/null\nif [ $? != 0 ] ; then\n    # print error to STDERR\n    echo \"error: The sandbox is not in sync with the Podfile.lock. Run 'pod install' or update your CocoaPods installation.\" >&2\n    exit 1\nfi\n# This output is used by Xcode 'outputs' to avoid re-running this script phase.\necho \"SUCCESS\" > \"${SCRIPT_OUTPUT_FILE_0}\"\n";
			showEnvVarsInLog = 0;
		};
		934B0CE79BD975892555FA32 /* [CP] Embed Pods Frameworks */ = {
			isa = PBXShellScriptBuildPhase;
			buildActionMask = 2147483647;
			files = (
			);
			inputFileListPaths = (
				"${PODS_ROOT}/Target Support Files/Pods-iOS-Sample/Pods-iOS-Sample-frameworks-${CONFIGURATION}-input-files.xcfilelist",
			);
			name = "[CP] Embed Pods Frameworks";
			outputFileListPaths = (
				"${PODS_ROOT}/Target Support Files/Pods-iOS-Sample/Pods-iOS-Sample-frameworks-${CONFIGURATION}-output-files.xcfilelist",
			);
			runOnlyForDeploymentPostprocessing = 0;
			shellPath = /bin/sh;
			shellScript = "\"${PODS_ROOT}/Target Support Files/Pods-iOS-Sample/Pods-iOS-Sample-frameworks.sh\"\n";
			showEnvVarsInLog = 0;
		};
/* End PBXShellScriptBuildPhase section */

/* Begin PBXSourcesBuildPhase section */
		F76C5A0D27857BEC00A6CCA8 /* Sources */ = {
			isa = PBXSourcesBuildPhase;
			buildActionMask = 2147483647;
			files = (
				F76C5A662785A8A500A6CCA8 /* UIColor+RandomColor.m in Sources */,
				F76C5A33278580EE00A6CCA8 /* CTViewController.m in Sources */,
				F76C5A1627857BEC00A6CCA8 /* AppDelegate.m in Sources */,
				F76C5A402785844100A6CCA8 /* CTDebugViewController.m in Sources */,
				F76C5A2727857BEF00A6CCA8 /* main.m in Sources */,
				F76C5A5C2785A52700A6CCA8 /* CTDebugCollectionViewCell.m in Sources */,
				F76C5A1927857BEC00A6CCA8 /* SceneDelegate.m in Sources */,
				F76C5A3B2785833600A6CCA8 /* CTDebugNavigationViewController.m in Sources */,
			);
			runOnlyForDeploymentPostprocessing = 0;
		};
/* End PBXSourcesBuildPhase section */

/* Begin PBXVariantGroup section */
		F76C5A1D27857BEC00A6CCA8 /* Main.storyboard */ = {
			isa = PBXVariantGroup;
			children = (
				F76C5A1E27857BEC00A6CCA8 /* Base */,
			);
			name = Main.storyboard;
			sourceTree = "<group>";
		};
		F76C5A2227857BEF00A6CCA8 /* LaunchScreen.storyboard */ = {
			isa = PBXVariantGroup;
			children = (
				F76C5A2327857BEF00A6CCA8 /* Base */,
			);
			name = LaunchScreen.storyboard;
			sourceTree = "<group>";
		};
/* End PBXVariantGroup section */

/* Begin XCBuildConfiguration section */
		F76C5A2827857BEF00A6CCA8 /* Debug */ = {
			isa = XCBuildConfiguration;
			buildSettings = {
				ALWAYS_SEARCH_USER_PATHS = NO;
				CLANG_ANALYZER_NONNULL = YES;
				CLANG_ANALYZER_NUMBER_OBJECT_CONVERSION = YES_AGGRESSIVE;
				CLANG_CXX_LANGUAGE_STANDARD = "gnu++17";
				CLANG_CXX_LIBRARY = "libc++";
				CLANG_ENABLE_MODULES = YES;
				CLANG_ENABLE_OBJC_ARC = YES;
				CLANG_ENABLE_OBJC_WEAK = YES;
				CLANG_WARN_BLOCK_CAPTURE_AUTORELEASING = YES;
				CLANG_WARN_BOOL_CONVERSION = YES;
				CLANG_WARN_COMMA = YES;
				CLANG_WARN_CONSTANT_CONVERSION = YES;
				CLANG_WARN_DEPRECATED_OBJC_IMPLEMENTATIONS = YES;
				CLANG_WARN_DIRECT_OBJC_ISA_USAGE = YES_ERROR;
				CLANG_WARN_DOCUMENTATION_COMMENTS = YES;
				CLANG_WARN_EMPTY_BODY = YES;
				CLANG_WARN_ENUM_CONVERSION = YES;
				CLANG_WARN_INFINITE_RECURSION = YES;
				CLANG_WARN_INT_CONVERSION = YES;
				CLANG_WARN_NON_LITERAL_NULL_CONVERSION = YES;
				CLANG_WARN_OBJC_IMPLICIT_RETAIN_SELF = YES;
				CLANG_WARN_OBJC_LITERAL_CONVERSION = YES;
				CLANG_WARN_OBJC_ROOT_CLASS = YES_ERROR;
				CLANG_WARN_QUOTED_INCLUDE_IN_FRAMEWORK_HEADER = YES;
				CLANG_WARN_RANGE_LOOP_ANALYSIS = YES;
				CLANG_WARN_STRICT_PROTOTYPES = YES;
				CLANG_WARN_SUSPICIOUS_MOVE = YES;
				CLANG_WARN_UNGUARDED_AVAILABILITY = YES_AGGRESSIVE;
				CLANG_WARN_UNREACHABLE_CODE = YES;
				CLANG_WARN__DUPLICATE_METHOD_MATCH = YES;
				COPY_PHASE_STRIP = NO;
				DEBUG_INFORMATION_FORMAT = dwarf;
				ENABLE_STRICT_OBJC_MSGSEND = YES;
				ENABLE_TESTABILITY = YES;
				GCC_C_LANGUAGE_STANDARD = gnu11;
				GCC_DYNAMIC_NO_PIC = NO;
				GCC_NO_COMMON_BLOCKS = YES;
				GCC_OPTIMIZATION_LEVEL = 0;
				GCC_PREPROCESSOR_DEFINITIONS = (
					"DEBUG=1",
					"$(inherited)",
				);
				GCC_WARN_64_TO_32_BIT_CONVERSION = YES;
				GCC_WARN_ABOUT_RETURN_TYPE = YES_ERROR;
				GCC_WARN_UNDECLARED_SELECTOR = YES;
				GCC_WARN_UNINITIALIZED_AUTOS = YES_AGGRESSIVE;
				GCC_WARN_UNUSED_FUNCTION = YES;
				GCC_WARN_UNUSED_VARIABLE = YES;
				IPHONEOS_DEPLOYMENT_TARGET = 15.0;
				MTL_ENABLE_DEBUG_INFO = INCLUDE_SOURCE;
				MTL_FAST_MATH = YES;
				ONLY_ACTIVE_ARCH = YES;
				SDKROOT = iphoneos;
			};
			name = Debug;
		};
		F76C5A2927857BEF00A6CCA8 /* Release */ = {
			isa = XCBuildConfiguration;
			buildSettings = {
				ALWAYS_SEARCH_USER_PATHS = NO;
				CLANG_ANALYZER_NONNULL = YES;
				CLANG_ANALYZER_NUMBER_OBJECT_CONVERSION = YES_AGGRESSIVE;
				CLANG_CXX_LANGUAGE_STANDARD = "gnu++17";
				CLANG_CXX_LIBRARY = "libc++";
				CLANG_ENABLE_MODULES = YES;
				CLANG_ENABLE_OBJC_ARC = YES;
				CLANG_ENABLE_OBJC_WEAK = YES;
				CLANG_WARN_BLOCK_CAPTURE_AUTORELEASING = YES;
				CLANG_WARN_BOOL_CONVERSION = YES;
				CLANG_WARN_COMMA = YES;
				CLANG_WARN_CONSTANT_CONVERSION = YES;
				CLANG_WARN_DEPRECATED_OBJC_IMPLEMENTATIONS = YES;
				CLANG_WARN_DIRECT_OBJC_ISA_USAGE = YES_ERROR;
				CLANG_WARN_DOCUMENTATION_COMMENTS = YES;
				CLANG_WARN_EMPTY_BODY = YES;
				CLANG_WARN_ENUM_CONVERSION = YES;
				CLANG_WARN_INFINITE_RECURSION = YES;
				CLANG_WARN_INT_CONVERSION = YES;
				CLANG_WARN_NON_LITERAL_NULL_CONVERSION = YES;
				CLANG_WARN_OBJC_IMPLICIT_RETAIN_SELF = YES;
				CLANG_WARN_OBJC_LITERAL_CONVERSION = YES;
				CLANG_WARN_OBJC_ROOT_CLASS = YES_ERROR;
				CLANG_WARN_QUOTED_INCLUDE_IN_FRAMEWORK_HEADER = YES;
				CLANG_WARN_RANGE_LOOP_ANALYSIS = YES;
				CLANG_WARN_STRICT_PROTOTYPES = YES;
				CLANG_WARN_SUSPICIOUS_MOVE = YES;
				CLANG_WARN_UNGUARDED_AVAILABILITY = YES_AGGRESSIVE;
				CLANG_WARN_UNREACHABLE_CODE = YES;
				CLANG_WARN__DUPLICATE_METHOD_MATCH = YES;
				COPY_PHASE_STRIP = NO;
				DEBUG_INFORMATION_FORMAT = "dwarf-with-dsym";
				ENABLE_NS_ASSERTIONS = NO;
				ENABLE_STRICT_OBJC_MSGSEND = YES;
				GCC_C_LANGUAGE_STANDARD = gnu11;
				GCC_NO_COMMON_BLOCKS = YES;
				GCC_WARN_64_TO_32_BIT_CONVERSION = YES;
				GCC_WARN_ABOUT_RETURN_TYPE = YES_ERROR;
				GCC_WARN_UNDECLARED_SELECTOR = YES;
				GCC_WARN_UNINITIALIZED_AUTOS = YES_AGGRESSIVE;
				GCC_WARN_UNUSED_FUNCTION = YES;
				GCC_WARN_UNUSED_VARIABLE = YES;
				IPHONEOS_DEPLOYMENT_TARGET = 15.0;
				MTL_ENABLE_DEBUG_INFO = NO;
				MTL_FAST_MATH = YES;
				SDKROOT = iphoneos;
				VALIDATE_PRODUCT = YES;
			};
			name = Release;
		};
		F76C5A2B27857BEF00A6CCA8 /* Debug */ = {
			isa = XCBuildConfiguration;
			baseConfigurationReference = 99066206F63453BD10557BDF /* Pods-iOS-Sample.debug.xcconfig */;
			buildSettings = {
				ASSETCATALOG_COMPILER_APPICON_NAME = AppIcon;
				ASSETCATALOG_COMPILER_GLOBAL_ACCENT_COLOR_NAME = AccentColor;
				CODE_SIGN_IDENTITY = "iPhone Developer";
				CODE_SIGN_STYLE = Manual;
				CURRENT_PROJECT_VERSION = 1;
				DEVELOPMENT_TEAM = CB48K3MWM2;
				GCC_PREFIX_HEADER = "$(SRCROOT)/iOS-Sample/Resource/PrefixHeader.pch";
				GENERATE_INFOPLIST_FILE = YES;
				INFOPLIST_FILE = "iOS-Sample/Resource/Info.plist";
				INFOPLIST_KEY_CFBundleDisplayName = CoreT;
				INFOPLIST_KEY_UIApplicationSupportsIndirectInputEvents = YES;
				INFOPLIST_KEY_UILaunchStoryboardName = LaunchScreen;
				INFOPLIST_KEY_UIMainStoryboardFile = Main;
				INFOPLIST_KEY_UIRequiredDeviceCapabilities = armv7;
				INFOPLIST_KEY_UISupportedInterfaceOrientations_iPad = "UIInterfaceOrientationPortrait UIInterfaceOrientationPortraitUpsideDown UIInterfaceOrientationLandscapeLeft UIInterfaceOrientationLandscapeRight";
				INFOPLIST_KEY_UISupportedInterfaceOrientations_iPhone = "UIInterfaceOrientationPortrait UIInterfaceOrientationLandscapeLeft UIInterfaceOrientationLandscapeRight";
				IPHONEOS_DEPLOYMENT_TARGET = 9.0;
				LD_RUNPATH_SEARCH_PATHS = (
					"$(inherited)",
					"@executable_path/Frameworks",
				);
				MARKETING_VERSION = 1.0;
				PRODUCT_BUNDLE_IDENTIFIER = "com.macrou.iOS-Sample";
				PRODUCT_NAME = "$(TARGET_NAME)";
				PROVISIONING_PROFILE_SPECIFIER = "technology-wildcard-dev";
				SWIFT_EMIT_LOC_STRINGS = YES;
				TARGETED_DEVICE_FAMILY = "1,2";
			};
			name = Debug;
		};
		F76C5A2C27857BEF00A6CCA8 /* Release */ = {
			isa = XCBuildConfiguration;
			baseConfigurationReference = C41A529E8474ABCAD09FE0E3 /* Pods-iOS-Sample.release.xcconfig */;
			buildSettings = {
				ASSETCATALOG_COMPILER_APPICON_NAME = AppIcon;
				ASSETCATALOG_COMPILER_GLOBAL_ACCENT_COLOR_NAME = AccentColor;
				CODE_SIGN_IDENTITY = "iPhone Developer";
				CODE_SIGN_STYLE = Manual;
				CURRENT_PROJECT_VERSION = 1;
				DEVELOPMENT_TEAM = CB48K3MWM2;
				GCC_PREFIX_HEADER = "$(SRCROOT)/iOS-Sample/Resource/PrefixHeader.pch";
				GENERATE_INFOPLIST_FILE = YES;
				INFOPLIST_FILE = "iOS-Sample/Resource/Info.plist";
				INFOPLIST_KEY_CFBundleDisplayName = CoreT;
				INFOPLIST_KEY_UIApplicationSupportsIndirectInputEvents = YES;
				INFOPLIST_KEY_UILaunchStoryboardName = LaunchScreen;
				INFOPLIST_KEY_UIMainStoryboardFile = Main;
				INFOPLIST_KEY_UIRequiredDeviceCapabilities = armv7;
				INFOPLIST_KEY_UISupportedInterfaceOrientations_iPad = "UIInterfaceOrientationPortrait UIInterfaceOrientationPortraitUpsideDown UIInterfaceOrientationLandscapeLeft UIInterfaceOrientationLandscapeRight";
				INFOPLIST_KEY_UISupportedInterfaceOrientations_iPhone = "UIInterfaceOrientationPortrait UIInterfaceOrientationLandscapeLeft UIInterfaceOrientationLandscapeRight";
				IPHONEOS_DEPLOYMENT_TARGET = 9.0;
				LD_RUNPATH_SEARCH_PATHS = (
					"$(inherited)",
					"@executable_path/Frameworks",
				);
				MARKETING_VERSION = 1.0;
				PRODUCT_BUNDLE_IDENTIFIER = "com.macrou.iOS-Sample";
				PRODUCT_NAME = "$(TARGET_NAME)";
				PROVISIONING_PROFILE_SPECIFIER = "technology-wildcard-dev";
				SWIFT_EMIT_LOC_STRINGS = YES;
				TARGETED_DEVICE_FAMILY = "1,2";
			};
			name = Release;
		};
/* End XCBuildConfiguration section */

/* Begin XCConfigurationList section */
		F76C5A0C27857BEC00A6CCA8 /* Build configuration list for PBXProject "iOS-Sample" */ = {
			isa = XCConfigurationList;
			buildConfigurations = (
				F76C5A2827857BEF00A6CCA8 /* Debug */,
				F76C5A2927857BEF00A6CCA8 /* Release */,
			);
			defaultConfigurationIsVisible = 0;
			defaultConfigurationName = Release;
		};
		F76C5A2A27857BEF00A6CCA8 /* Build configuration list for PBXNativeTarget "iOS-Sample" */ = {
			isa = XCConfigurationList;
			buildConfigurations = (
				F76C5A2B27857BEF00A6CCA8 /* Debug */,
				F76C5A2C27857BEF00A6CCA8 /* Release */,
			);
			defaultConfigurationIsVisible = 0;
			defaultConfigurationName = Release;
		};
/* End XCConfigurationList section */
	};
	rootObject = F76C5A0927857BEC00A6CCA8 /* Project object */;
}
